// !$*UTF8*$!
{
	archiveVersion = 1;
	classes = {
	};
	objectVersion = 56;
	objects = {

/* Begin PBXBuildFile section */
		D108B1C529AE36D800A04CD0 /* WeatherAppApp.swift in Sources */ = {isa = PBXBuildFile; fileRef = D108B1C429AE36D800A04CD0 /* WeatherAppApp.swift */; };
		D108B1C729AE36D800A04CD0 /* ContentView.swift in Sources */ = {isa = PBXBuildFile; fileRef = D108B1C629AE36D800A04CD0 /* ContentView.swift */; };
		D108B1C929AE36DA00A04CD0 /* Assets.xcassets in Resources */ = {isa = PBXBuildFile; fileRef = D108B1C829AE36DA00A04CD0 /* Assets.xcassets */; };
		D108B1CC29AE36DA00A04CD0 /* Preview Assets.xcassets in Resources */ = {isa = PBXBuildFile; fileRef = D108B1CB29AE36DA00A04CD0 /* Preview Assets.xcassets */; };
		D108B1D829AE3C7100A04CD0 /* LocationManager.swift in Sources */ = {isa = PBXBuildFile; fileRef = D108B1D729AE3C7100A04CD0 /* LocationManager.swift */; };
		D108B1DB29AE3F7D00A04CD0 /* WelcomeView.swift in Sources */ = {isa = PBXBuildFile; fileRef = D108B1DA29AE3F7D00A04CD0 /* WelcomeView.swift */; };
		D108B1DD29AE4F0A00A04CD0 /* LoadingView.swift in Sources */ = {isa = PBXBuildFile; fileRef = D108B1DC29AE4F0A00A04CD0 /* LoadingView.swift */; };
		D108B1DF29AE579400A04CD0 /* WeatherManager.swift in Sources */ = {isa = PBXBuildFile; fileRef = D108B1DE29AE579400A04CD0 /* WeatherManager.swift */; };
		D108B1E129AE5FF000A04CD0 /* WeatherView.swift in Sources */ = {isa = PBXBuildFile; fileRef = D108B1E029AE5FF000A04CD0 /* WeatherView.swift */; };
		D108B1E329AE604400A04CD0 /* ModelData.swift in Sources */ = {isa = PBXBuildFile; fileRef = D108B1E229AE604400A04CD0 /* ModelData.swift */; };
		D108B1E529AE60A200A04CD0 /* weatherData.json in Resources */ = {isa = PBXBuildFile; fileRef = D108B1E429AE60A200A04CD0 /* weatherData.json */; };
		D12B521529AE6D3E0090AAE0 /* Extensions.swift in Sources */ = {isa = PBXBuildFile; fileRef = D12B521429AE6D3E0090AAE0 /* Extensions.swift */; };
		D12B521829AE87970090AAE0 /* WeatherRow.swift in Sources */ = {isa = PBXBuildFile; fileRef = D12B521729AE87970090AAE0 /* WeatherRow.swift */; };
/* End PBXBuildFile section */

/* Begin PBXFileReference section */
		D108B1C129AE36D800A04CD0 /* WeatherApp.app */ = {isa = PBXFileReference; explicitFileType = wrapper.application; includeInIndex = 0; path = WeatherApp.app; sourceTree = BUILT_PRODUCTS_DIR; };
		D108B1C429AE36D800A04CD0 /* WeatherAppApp.swift */ = {isa = PBXFileReference; lastKnownFileType = sourcecode.swift; path = WeatherAppApp.swift; sourceTree = "<group>"; };
		D108B1C629AE36D800A04CD0 /* ContentView.swift */ = {isa = PBXFileReference; lastKnownFileType = sourcecode.swift; path = ContentView.swift; sourceTree = "<group>"; };
		D108B1C829AE36DA00A04CD0 /* Assets.xcassets */ = {isa = PBXFileReference; lastKnownFileType = folder.assetcatalog; path = Assets.xcassets; sourceTree = "<group>"; };
		D108B1CB29AE36DA00A04CD0 /* Preview Assets.xcassets */ = {isa = PBXFileReference; lastKnownFileType = folder.assetcatalog; path = "Preview Assets.xcassets"; sourceTree = "<group>"; };
		D108B1D729AE3C7100A04CD0 /* LocationManager.swift */ = {isa = PBXFileReference; lastKnownFileType = sourcecode.swift; path = LocationManager.swift; sourceTree = "<group>"; };
		D108B1DA29AE3F7D00A04CD0 /* WelcomeView.swift */ = {isa = PBXFileReference; lastKnownFileType = sourcecode.swift; path = WelcomeView.swift; sourceTree = "<group>"; };
		D108B1DC29AE4F0A00A04CD0 /* LoadingView.swift */ = {isa = PBXFileReference; lastKnownFileType = sourcecode.swift; path = LoadingView.swift; sourceTree = "<group>"; };
		D108B1DE29AE579400A04CD0 /* WeatherManager.swift */ = {isa = PBXFileReference; lastKnownFileType = sourcecode.swift; path = WeatherManager.swift; sourceTree = "<group>"; };
		D108B1E029AE5FF000A04CD0 /* WeatherView.swift */ = {isa = PBXFileReference; lastKnownFileType = sourcecode.swift; path = WeatherView.swift; sourceTree = "<group>"; };
		D108B1E229AE604400A04CD0 /* ModelData.swift */ = {isa = PBXFileReference; lastKnownFileType = sourcecode.swift; path = ModelData.swift; sourceTree = "<group>"; };
		D108B1E429AE60A200A04CD0 /* weatherData.json */ = {isa = PBXFileReference; lastKnownFileType = text.json; path = weatherData.json; sourceTree = "<group>"; };
		D12B521429AE6D3E0090AAE0 /* Extensions.swift */ = {isa = PBXFileReference; lastKnownFileType = sourcecode.swift; path = Extensions.swift; sourceTree = "<group>"; };
		D12B521729AE87970090AAE0 /* WeatherRow.swift */ = {isa = PBXFileReference; lastKnownFileType = sourcecode.swift; path = WeatherRow.swift; sourceTree = "<group>"; };
/* End PBXFileReference section */

/* Begin PBXFrameworksBuildPhase section */
		D108B1BE29AE36D800A04CD0 /* Frameworks */ = {
			isa = PBXFrameworksBuildPhase;
			buildActionMask = 2147483647;
			files = (
			);
			runOnlyForDeploymentPostprocessing = 0;
		};
/* End PBXFrameworksBuildPhase section */

/* Begin PBXGroup section */
		D108B1B829AE36D800A04CD0 = {
			isa = PBXGroup;
			children = (
				D108B1C329AE36D800A04CD0 /* WeatherApp */,
				D108B1C229AE36D800A04CD0 /* Products */,
			);
			sourceTree = "<group>";
		};
		D108B1C229AE36D800A04CD0 /* Products */ = {
			isa = PBXGroup;
			children = (
				D108B1C129AE36D800A04CD0 /* WeatherApp.app */,
			);
			name = Products;
			sourceTree = "<group>";
		};
		D108B1C329AE36D800A04CD0 /* WeatherApp */ = {
			isa = PBXGroup;
			children = (
				D12B521629AE87420090AAE0 /* Components */,
				D108B1C429AE36D800A04CD0 /* WeatherAppApp.swift */,
				D108B1D929AE3EEF00A04CD0 /* Views */,
				D108B1D629AE3C6000A04CD0 /* Managers */,
				D108B1C829AE36DA00A04CD0 /* Assets.xcassets */,
				D108B1CA29AE36DA00A04CD0 /* Preview Content */,
				D12B521429AE6D3E0090AAE0 /* Extensions.swift */,
			);
			path = WeatherApp;
			sourceTree = "<group>";
		};
		D108B1CA29AE36DA00A04CD0 /* Preview Content */ = {
			isa = PBXGroup;
			children = (
				D108B1CB29AE36DA00A04CD0 /* Preview Assets.xcassets */,
				D108B1E229AE604400A04CD0 /* ModelData.swift */,
				D108B1E429AE60A200A04CD0 /* weatherData.json */,
			);
			path = "Preview Content";
			sourceTree = "<group>";
		};
		D108B1D629AE3C6000A04CD0 /* Managers */ = {
			isa = PBXGroup;
			children = (
				D108B1D729AE3C7100A04CD0 /* LocationManager.swift */,
				D108B1DE29AE579400A04CD0 /* WeatherManager.swift */,
			);
			path = Managers;
			sourceTree = "<group>";
		};
		D108B1D929AE3EEF00A04CD0 /* Views */ = {
			isa = PBXGroup;
			children = (
				D108B1C629AE36D800A04CD0 /* ContentView.swift */,
				D108B1DA29AE3F7D00A04CD0 /* WelcomeView.swift */,
				D108B1DC29AE4F0A00A04CD0 /* LoadingView.swift */,
				D108B1E029AE5FF000A04CD0 /* WeatherView.swift */,
			);
			path = Views;
			sourceTree = "<group>";
		};
		D12B521629AE87420090AAE0 /* Components */ = {
			isa = PBXGroup;
			children = (
				D12B521729AE87970090AAE0 /* WeatherRow.swift */,
			);
			path = Components;
			sourceTree = "<group>";
		};
/* End PBXGroup section */

/* Begin PBXNativeTarget section */
		D108B1C029AE36D800A04CD0 /* WeatherApp */ = {
			isa = PBXNativeTarget;
			buildConfigurationList = D108B1CF29AE36DA00A04CD0 /* Build configuration list for PBXNativeTarget "WeatherApp" */;
			buildPhases = (
				D108B1BD29AE36D800A04CD0 /* Sources */,
				D108B1BE29AE36D800A04CD0 /* Frameworks */,
				D108B1BF29AE36D800A04CD0 /* Resources */,
			);
			buildRules = (
			);
			dependencies = (
			);
			name = WeatherApp;
			productName = WeatherApp;
			productReference = D108B1C129AE36D800A04CD0 /* WeatherApp.app */;
			productType = "com.apple.product-type.application";
		};
/* End PBXNativeTarget section */

/* Begin PBXProject section */
		D108B1B929AE36D800A04CD0 /* Project object */ = {
			isa = PBXProject;
			attributes = {
				BuildIndependentTargetsInParallel = 1;
				LastSwiftUpdateCheck = 1420;
				LastUpgradeCheck = 1420;
				TargetAttributes = {
					D108B1C029AE36D800A04CD0 = {
						CreatedOnToolsVersion = 14.2;
					};
				};
			};
			buildConfigurationList = D108B1BC29AE36D800A04CD0 /* Build configuration list for PBXProject "WeatherApp" */;
			compatibilityVersion = "Xcode 14.0";
			developmentRegion = en;
			hasScannedForEncodings = 0;
			knownRegions = (
				en,
				Base,
			);
			mainGroup = D108B1B829AE36D800A04CD0;
			productRefGroup = D108B1C229AE36D800A04CD0 /* Products */;
			projectDirPath = "";
			projectRoot = "";
			targets = (
				D108B1C029AE36D800A04CD0 /* WeatherApp */,
			);
		};
/* End PBXProject section */

/* Begin PBXResourcesBuildPhase section */
		D108B1BF29AE36D800A04CD0 /* Resources */ = {
			isa = PBXResourcesBuildPhase;
			buildActionMask = 2147483647;
			files = (
				D108B1CC29AE36DA00A04CD0 /* Preview Assets.xcassets in Resources */,
				D108B1E529AE60A200A04CD0 /* weatherData.json in Resources */,
				D108B1C929AE36DA00A04CD0 /* Assets.xcassets in Resources */,
			);
			runOnlyForDeploymentPostprocessing = 0;
		};
/* End PBXResourcesBuildPhase section */

/* Begin PBXSourcesBuildPhase section */
		D108B1BD29AE36D800A04CD0 /* Sources */ = {
			isa = PBXSourcesBuildPhase;
			buildActionMask = 2147483647;
			files = (
				D108B1DF29AE579400A04CD0 /* WeatherManager.swift in Sources */,
				D12B521529AE6D3E0090AAE0 /* Extensions.swift in Sources */,
				D108B1C729AE36D800A04CD0 /* ContentView.swift in Sources */,
				D108B1C529AE36D800A04CD0 /* WeatherAppApp.swift in Sources */,
				D108B1D829AE3C7100A04CD0 /* LocationManager.swift in Sources */,
				D12B521829AE87970090AAE0 /* WeatherRow.swift in Sources */,
				D108B1DD29AE4F0A00A04CD0 /* LoadingView.swift in Sources */,
				D108B1E329AE604400A04CD0 /* ModelData.swift in Sources */,
				D108B1E129AE5FF000A04CD0 /* WeatherView.swift in Sources */,
				D108B1DB29AE3F7D00A04CD0 /* WelcomeView.swift in Sources */,
			);
			runOnlyForDeploymentPostprocessing = 0;
		};
/* End PBXSourcesBuildPhase section */

/* Begin XCBuildConfiguration section */
		D108B1CD29AE36DA00A04CD0 /* Debug */ = {
			isa = XCBuildConfiguration;
			buildSettings = {
				ALWAYS_SEARCH_USER_PATHS = NO;
				CLANG_ANALYZER_NONNULL = YES;
				CLANG_ANALYZER_NUMBER_OBJECT_CONVERSION = YES_AGGRESSIVE;
				CLANG_CXX_LANGUAGE_STANDARD = "gnu++20";
				CLANG_ENABLE_MODULES = YES;
				CLANG_ENABLE_OBJC_ARC = YES;
				CLANG_ENABLE_OBJC_WEAK = YES;
				CLANG_WARN_BLOCK_CAPTURE_AUTORELEASING = YES;
				CLANG_WARN_BOOL_CONVERSION = YES;
				CLANG_WARN_COMMA = YES;
				CLANG_WARN_CONSTANT_CONVERSION = YES;
				CLANG_WARN_DEPRECATED_OBJC_IMPLEMENTATIONS = YES;
				CLANG_WARN_DIRECT_OBJC_ISA_USAGE = YES_ERROR;
				CLANG_WARN_DOCUMENTATION_COMMENTS = YES;
				CLANG_WARN_EMPTY_BODY = YES;
				CLANG_WARN_ENUM_CONVERSION = YES;
				CLANG_WARN_INFINITE_RECURSION = YES;
				CLANG_WARN_INT_CONVERSION = YES;
				CLANG_WARN_NON_LITERAL_NULL_CONVERSION = YES;
				CLANG_WARN_OBJC_IMPLICIT_RETAIN_SELF = YES;
				CLANG_WARN_OBJC_LITERAL_CONVERSION = YES;
				CLANG_WARN_OBJC_ROOT_CLASS = YES_ERROR;
				CLANG_WARN_QUOTED_INCLUDE_IN_FRAMEWORK_HEADER = YES;
				CLANG_WARN_RANGE_LOOP_ANALYSIS = YES;
				CLANG_WARN_STRICT_PROTOTYPES = YES;
				CLANG_WARN_SUSPICIOUS_MOVE = YES;
				CLANG_WARN_UNGUARDED_AVAILABILITY = YES_AGGRESSIVE;
				CLANG_WARN_UNREACHABLE_CODE = YES;
				CLANG_WARN__DUPLICATE_METHOD_MATCH = YES;
				COPY_PHASE_STRIP = NO;
				DEBUG_INFORMATION_FORMAT = dwarf;
				ENABLE_STRICT_OBJC_MSGSEND = YES;
				ENABLE_TESTABILITY = YES;
				GCC_C_LANGUAGE_STANDARD = gnu11;
				GCC_DYNAMIC_NO_PIC = NO;
				GCC_NO_COMMON_BLOCKS = YES;
				GCC_OPTIMIZATION_LEVEL = 0;
				GCC_PREPROCESSOR_DEFINITIONS = (
					"DEBUG=1",
					"$(inherited)",
				);
				GCC_WARN_64_TO_32_BIT_CONVERSION = YES;
				GCC_WARN_ABOUT_RETURN_TYPE = YES_ERROR;
				GCC_WARN_UNDECLARED_SELECTOR = YES;
				GCC_WARN_UNINITIALIZED_AUTOS = YES_AGGRESSIVE;
				GCC_WARN_UNUSED_FUNCTION = YES;
				GCC_WARN_UNUSED_VARIABLE = YES;
				IPHONEOS_DEPLOYMENT_TARGET = 16.2;
				MTL_ENABLE_DEBUG_INFO = INCLUDE_SOURCE;
				MTL_FAST_MATH = YES;
				ONLY_ACTIVE_ARCH = YES;
				SDKROOT = iphoneos;
				SWIFT_ACTIVE_COMPILATION_CONDITIONS = DEBUG;
				SWIFT_OPTIMIZATION_LEVEL = "-Onone";
			};
			name = Debug;
		};
		D108B1CE29AE36DA00A04CD0 /* Release */ = {
			isa = XCBuildConfiguration;
			buildSettings = {
				ALWAYS_SEARCH_USER_PATHS = NO;
				CLANG_ANALYZER_NONNULL = YES;
				CLANG_ANALYZER_NUMBER_OBJECT_CONVERSION = YES_AGGRESSIVE;
				CLANG_CXX_LANGUAGE_STANDARD = "gnu++20";
				CLANG_ENABLE_MODULES = YES;
				CLANG_ENABLE_OBJC_ARC = YES;
				CLANG_ENABLE_OBJC_WEAK = YES;
				CLANG_WARN_BLOCK_CAPTURE_AUTORELEASING = YES;
				CLANG_WARN_BOOL_CONVERSION = YES;
				CLANG_WARN_COMMA = YES;
				CLANG_WARN_CONSTANT_CONVERSION = YES;
				CLANG_WARN_DEPRECATED_OBJC_IMPLEMENTATIONS = YES;
				CLANG_WARN_DIRECT_OBJC_ISA_USAGE = YES_ERROR;
				CLANG_WARN_DOCUMENTATION_COMMENTS = YES;
				CLANG_WARN_EMPTY_BODY = YES;
				CLANG_WARN_ENUM_CONVERSION = YES;
				CLANG_WARN_INFINITE_RECURSION = YES;
				CLANG_WARN_INT_CONVERSION = YES;
				CLANG_WARN_NON_LITERAL_NULL_CONVERSION = YES;
				CLANG_WARN_OBJC_IMPLICIT_RETAIN_SELF = YES;
				CLANG_WARN_OBJC_LITERAL_CONVERSION = YES;
				CLANG_WARN_OBJC_ROOT_CLASS = YES_ERROR;
				CLANG_WARN_QUOTED_INCLUDE_IN_FRAMEWORK_HEADER = YES;
				CLANG_WARN_RANGE_LOOP_ANALYSIS = YES;
				CLANG_WARN_STRICT_PROTOTYPES = YES;
				CLANG_WARN_SUSPICIOUS_MOVE = YES;
				CLANG_WARN_UNGUARDED_AVAILABILITY = YES_AGGRESSIVE;
				CLANG_WARN_UNREACHABLE_CODE = YES;
				CLANG_WARN__DUPLICATE_METHOD_MATCH = YES;
				COPY_PHASE_STRIP = NO;
				DEBUG_INFORMATION_FORMAT = "dwarf-with-dsym";
				ENABLE_NS_ASSERTIONS = NO;
				ENABLE_STRICT_OBJC_MSGSEND = YES;
				GCC_C_LANGUAGE_STANDARD = gnu11;
				GCC_NO_COMMON_BLOCKS = YES;
				GCC_WARN_64_TO_32_BIT_CONVERSION = YES;
				GCC_WARN_ABOUT_RETURN_TYPE = YES_ERROR;
				GCC_WARN_UNDECLARED_SELECTOR = YES;
				GCC_WARN_UNINITIALIZED_AUTOS = YES_AGGRESSIVE;
				GCC_WARN_UNUSED_FUNCTION = YES;
				GCC_WARN_UNUSED_VARIABLE = YES;
				IPHONEOS_DEPLOYMENT_TARGET = 16.2;
				MTL_ENABLE_DEBUG_INFO = NO;
				MTL_FAST_MATH = YES;
				SDKROOT = iphoneos;
				SWIFT_COMPILATION_MODE = wholemodule;
				SWIFT_OPTIMIZATION_LEVEL = "-O";
				VALIDATE_PRODUCT = YES;
			};
			name = Release;
		};
		D108B1D029AE36DA00A04CD0 /* Debug */ = {
			isa = XCBuildConfiguration;
			buildSettings = {
				ASSETCATALOG_COMPILER_APPICON_NAME = AppIcon;
				ASSETCATALOG_COMPILER_GLOBAL_ACCENT_COLOR_NAME = AccentColor;
				CODE_SIGN_STYLE = Automatic;
				CURRENT_PROJECT_VERSION = 1;
				DEVELOPMENT_ASSET_PATHS = "\"WeatherApp/Preview Content\"";
				DEVELOPMENT_TEAM = 2TJ87DRU3A;
				ENABLE_PREVIEWS = YES;
				GENERATE_INFOPLIST_FILE = YES;
				INFOPLIST_KEY_UIApplicationSceneManifest_Generation = YES;
				INFOPLIST_KEY_UIApplicationSupportsIndirectInputEvents = YES;
				INFOPLIST_KEY_UILaunchScreen_Generation = YES;
				INFOPLIST_KEY_UISupportedInterfaceOrientations_iPad = "UIInterfaceOrientationPortrait UIInterfaceOrientationPortraitUpsideDown UIInterfaceOrientationLandscapeLeft UIInterfaceOrientationLandscapeRight";
				INFOPLIST_KEY_UISupportedInterfaceOrientations_iPhone = "UIInterfaceOrientationPortrait UIInterfaceOrientationLandscapeLeft UIInterfaceOrientationLandscapeRight";
				IPHONEOS_DEPLOYMENT_TARGET = 15.0;
				LD_RUNPATH_SEARCH_PATHS = (
					"$(inherited)",
					"@executable_path/Frameworks",
				);
				MARKETING_VERSION = 1.0;
				PRODUCT_BUNDLE_IDENTIFIER = com.sarahloos.WeatherApp;
				PRODUCT_NAME = "$(TARGET_NAME)";
				SWIFT_EMIT_LOC_STRINGS = YES;
				SWIFT_VERSION = 5.0;
				TARGETED_DEVICE_FAMILY = "1,2";
			};
			name = Debug;
		};
		D108B1D129AE36DA00A04CD0 /* Release */ = {
			isa = XCBuildConfiguration;
			buildSettings = {
				ASSETCATALOG_COMPILER_APPICON_NAME = AppIcon;
				ASSETCATALOG_COMPILER_GLOBAL_ACCENT_COLOR_NAME = AccentColor;
				CODE_SIGN_STYLE = Automatic;
				CURRENT_PROJECT_VERSION = 1;
				DEVELOPMENT_ASSET_PATHS = "\"WeatherApp/Preview Content\"";
				DEVELOPMENT_TEAM = 2TJ87DRU3A;
				ENABLE_PREVIEWS = YES;
				GENERATE_INFOPLIST_FILE = YES;
				INFOPLIST_KEY_UIApplicationSceneManifest_Generation = YES;
				INFOPLIST_KEY_UIApplicationSupportsIndirectInputEvents = YES;
				INFOPLIST_KEY_UILaunchScreen_Generation = YES;
				INFOPLIST_KEY_UISupportedInterfaceOrientations_iPad = "UIInterfaceOrientationPortrait UIInterfaceOrientationPortraitUpsideDown UIInterfaceOrientationLandscapeLeft UIInterfaceOrientationLandscapeRight";
				INFOPLIST_KEY_UISupportedInterfaceOrientations_iPhone = "UIInterfaceOrientationPortrait UIInterfaceOrientationLandscapeLeft UIInterfaceOrientationLandscapeRight";
				IPHONEOS_DEPLOYMENT_TARGET = 15.0;
				LD_RUNPATH_SEARCH_PATHS = (
					"$(inherited)",
					"@executable_path/Frameworks",
				);
				MARKETING_VERSION = 1.0;
				PRODUCT_BUNDLE_IDENTIFIER = com.sarahloos.WeatherApp;
				PRODUCT_NAME = "$(TARGET_NAME)";
				SWIFT_EMIT_LOC_STRINGS = YES;
				SWIFT_VERSION = 5.0;
				TARGETED_DEVICE_FAMILY = "1,2";
			};
			name = Release;
		};
/* End XCBuildConfiguration section */

/* Begin XCConfigurationList section */
		D108B1BC29AE36D800A04CD0 /* Build configuration list for PBXProject "WeatherApp" */ = {
			isa = XCConfigurationList;
			buildConfigurations = (
				D108B1CD29AE36DA00A04CD0 /* Debug */,
				D108B1CE29AE36DA00A04CD0 /* Release */,
			);
			defaultConfigurationIsVisible = 0;
			defaultConfigurationName = Release;
		};
		D108B1CF29AE36DA00A04CD0 /* Build configuration list for PBXNativeTarget "WeatherApp" */ = {
			isa = XCConfigurationList;
			buildConfigurations = (
				D108B1D029AE36DA00A04CD0 /* Debug */,
				D108B1D129AE36DA00A04CD0 /* Release */,
			);
			defaultConfigurationIsVisible = 0;
			defaultConfigurationName = Release;
		};
/* End XCConfigurationList section */
	};
	rootObject = D108B1B929AE36D800A04CD0 /* Project object */;
}
